
Microsoft Visual Studio Solution File, Format Version 12.00
# Visual Studio Version 16
VisualStudioVersion = 16.0.29609.76
MinimumVisualStudioVersion = 10.0.40219.1
Project("{9A19103F-16F7-4668-BE54-9A1E7A4F7556}") = "WebApiAPP", "WebApiAPP\WebApiAPP.csproj", "{2CA5048B-D38B-42B3-B8E1-A91548932C63}"
EndProject
Project("{9A19103F-16F7-4668-BE54-9A1E7A4F7556}") = "ClientWebApi", "ClientWebApi\ClientWebApi.csproj", "{3CEBBF7A-40F2-463A-A32A-35BD963AA157}"
EndProject
Global
	GlobalSection(SolutionConfigurationPlatforms) = preSolution
		Debug|Any CPU = Debug|Any CPU
		Release|Any CPU = Release|Any CPU
	EndGlobalSection
	GlobalSection(ProjectConfigurationPlatforms) = postSolution
		{2CA5048B-D38B-42B3-B8E1-A91548932C63}.Debug|Any CPU.ActiveCfg = Debug|Any CPU
		{2CA5048B-D38B-42B3-B8E1-A91548932C63}.Debug|Any CPU.Build.0 = Debug|Any CPU
		{2CA5048B-D38B-42B3-B8E1-A91548932C63}.Release|Any CPU.ActiveCfg = Release|Any CPU
		{2CA5048B-D38B-42B3-B8E1-A91548932C63}.Release|Any CPU.Build.0 = Release|Any CPU
		{3CEBBF7A-40F2-463A-A32A-35BD963AA157}.Debug|Any CPU.ActiveCfg = Debug|Any CPU
		{3CEBBF7A-40F2-463A-A32A-35BD963AA157}.Debug|Any CPU.Build.0 = Debug|Any CPU
		{3CEBBF7A-40F2-463A-A32A-35BD963AA157}.Release|Any CPU.ActiveCfg = Release|Any CPU
		{3CEBBF7A-40F2-463A-A32A-35BD963AA157}.Release|Any CPU.Build.0 = Release|Any CPU
	EndGlobalSection
	GlobalSection(SolutionProperties) = preSolution
		HideSolutionNode = FALSE
	EndGlobalSection
	GlobalSection(ExtensibilityGlobals) = postSolution
		SolutionGuid = {5852F151-27F9-48B0-B83F-52B2A9143B8D}
	EndGlobalSection
EndGlobal
